// !$*UTF8*$!
{
	archiveVersion = 1;
	classes = {
	};
	objectVersion = 55;
	objects = {

/* Begin PBXBuildFile section */
		049B1C42284CA0BA000EAEC0 /* ArmLeft.swift in Sources */ = {isa = PBXBuildFile; fileRef = 049B1C41284CA0BA000EAEC0 /* ArmLeft.swift */; };
		049B1C44284CB904000EAEC0 /* PersonWithBoard.swift in Sources */ = {isa = PBXBuildFile; fileRef = 049B1C43284CB904000EAEC0 /* PersonWithBoard.swift */; };
		049B1C46284CBB15000EAEC0 /* DoubleBranch.swift in Sources */ = {isa = PBXBuildFile; fileRef = 049B1C45284CBB15000EAEC0 /* DoubleBranch.swift */; };
		049B1C48284CBE79000EAEC0 /* WithEctraBranch.swift in Sources */ = {isa = PBXBuildFile; fileRef = 049B1C47284CBE79000EAEC0 /* WithEctraBranch.swift */; };
		049B1C4A284CC910000EAEC0 /* Cloud.swift in Sources */ = {isa = PBXBuildFile; fileRef = 049B1C49284CC910000EAEC0 /* Cloud.swift */; };
		049B1C4D284CCB42000EAEC0 /* Cloud2.swift in Sources */ = {isa = PBXBuildFile; fileRef = 049B1C4C284CCB42000EAEC0 /* Cloud2.swift */; };
		049B1C4F284CCCFF000EAEC0 /* Cloud3.swift in Sources */ = {isa = PBXBuildFile; fileRef = 049B1C4E284CCCFF000EAEC0 /* Cloud3.swift */; };
		049B1C51284CD19A000EAEC0 /* Cloud4.swift in Sources */ = {isa = PBXBuildFile; fileRef = 049B1C50284CD19A000EAEC0 /* Cloud4.swift */; };
		049B1C53284CD2D7000EAEC0 /* CloudGroup1.swift in Sources */ = {isa = PBXBuildFile; fileRef = 049B1C52284CD2D7000EAEC0 /* CloudGroup1.swift */; };
		049B1C55284CD533000EAEC0 /* CloudGroup2.swift in Sources */ = {isa = PBXBuildFile; fileRef = 049B1C54284CD533000EAEC0 /* CloudGroup2.swift */; };
		049B1C58284CD949000EAEC0 /* CloudMergeView.swift in Sources */ = {isa = PBXBuildFile; fileRef = 049B1C57284CD949000EAEC0 /* CloudMergeView.swift */; };
		049B1C5A284CDCE7000EAEC0 /* Wave.swift in Sources */ = {isa = PBXBuildFile; fileRef = 049B1C59284CDCE7000EAEC0 /* Wave.swift */; };
		049B1C5D284CE89F000EAEC0 /* WaveClon.swift in Sources */ = {isa = PBXBuildFile; fileRef = 049B1C5C284CE89F000EAEC0 /* WaveClon.swift */; };
		049B1C5F284CEACE000EAEC0 /* WaveGroup.swift in Sources */ = {isa = PBXBuildFile; fileRef = 049B1C5E284CEACE000EAEC0 /* WaveGroup.swift */; };
		04F31488284A374900FE57FC /* SurfingApp.swift in Sources */ = {isa = PBXBuildFile; fileRef = 04F31487284A374900FE57FC /* SurfingApp.swift */; };
		04F3148A284A374900FE57FC /* ContentView.swift in Sources */ = {isa = PBXBuildFile; fileRef = 04F31489284A374900FE57FC /* ContentView.swift */; };
		04F3148C284A374B00FE57FC /* Assets.xcassets in Resources */ = {isa = PBXBuildFile; fileRef = 04F3148B284A374B00FE57FC /* Assets.xcassets */; };
		04F3148F284A374B00FE57FC /* Preview Assets.xcassets in Resources */ = {isa = PBXBuildFile; fileRef = 04F3148E284A374B00FE57FC /* Preview Assets.xcassets */; };
		04F31496284A42BC00FE57FC /* SunView.swift in Sources */ = {isa = PBXBuildFile; fileRef = 04F31495284A42BC00FE57FC /* SunView.swift */; };
		04F31498284A673800FE57FC /* Palm.swift in Sources */ = {isa = PBXBuildFile; fileRef = 04F31497284A673800FE57FC /* Palm.swift */; };
		04F3149A284AAA0300FE57FC /* Palm1.swift in Sources */ = {isa = PBXBuildFile; fileRef = 04F31499284AAA0300FE57FC /* Palm1.swift */; };
		04F3149C284ABA3B00FE57FC /* BranchView.swift in Sources */ = {isa = PBXBuildFile; fileRef = 04F3149B284ABA3B00FE57FC /* BranchView.swift */; };
		04F3149F284B487100FE57FC /* MainViewPalm.swift in Sources */ = {isa = PBXBuildFile; fileRef = 04F3149E284B487100FE57FC /* MainViewPalm.swift */; };
		04F314A4284B4D1F00FE57FC /* Board.swift in Sources */ = {isa = PBXBuildFile; fileRef = 04F314A3284B4D1F00FE57FC /* Board.swift */; };
		04F314A9284B988500FE57FC /* Leg.swift in Sources */ = {isa = PBXBuildFile; fileRef = 04F314A8284B988500FE57FC /* Leg.swift */; };
		04F314AB284BBEB100FE57FC /* MainViewPerson.swift in Sources */ = {isa = PBXBuildFile; fileRef = 04F314AA284BBEB100FE57FC /* MainViewPerson.swift */; };
		04F314AD284BC09B00FE57FC /* LegLeft.swift in Sources */ = {isa = PBXBuildFile; fileRef = 04F314AC284BC09B00FE57FC /* LegLeft.swift */; };
		04F314AF284BC62C00FE57FC /* Head.swift in Sources */ = {isa = PBXBuildFile; fileRef = 04F314AE284BC62C00FE57FC /* Head.swift */; };
		04F314B1284BF40200FE57FC /* ArmRight.swift in Sources */ = {isa = PBXBuildFile; fileRef = 04F314B0284BF40200FE57FC /* ArmRight.swift */; };
/* End PBXBuildFile section */

/* Begin PBXFileReference section */
		049B1C41284CA0BA000EAEC0 /* ArmLeft.swift */ = {isa = PBXFileReference; lastKnownFileType = sourcecode.swift; path = ArmLeft.swift; sourceTree = "<group>"; };
		049B1C43284CB904000EAEC0 /* PersonWithBoard.swift */ = {isa = PBXFileReference; lastKnownFileType = sourcecode.swift; path = PersonWithBoard.swift; sourceTree = "<group>"; };
		049B1C45284CBB15000EAEC0 /* DoubleBranch.swift */ = {isa = PBXFileReference; lastKnownFileType = sourcecode.swift; path = DoubleBranch.swift; sourceTree = "<group>"; };
		049B1C47284CBE79000EAEC0 /* WithEctraBranch.swift */ = {isa = PBXFileReference; lastKnownFileType = sourcecode.swift; path = WithEctraBranch.swift; sourceTree = "<group>"; };
		049B1C49284CC910000EAEC0 /* Cloud.swift */ = {isa = PBXFileReference; lastKnownFileType = sourcecode.swift; path = Cloud.swift; sourceTree = "<group>"; };
		049B1C4C284CCB42000EAEC0 /* Cloud2.swift */ = {isa = PBXFileReference; lastKnownFileType = sourcecode.swift; path = Cloud2.swift; sourceTree = "<group>"; };
		049B1C4E284CCCFF000EAEC0 /* Cloud3.swift */ = {isa = PBXFileReference; lastKnownFileType = sourcecode.swift; path = Cloud3.swift; sourceTree = "<group>"; };
		049B1C50284CD19A000EAEC0 /* Cloud4.swift */ = {isa = PBXFileReference; lastKnownFileType = sourcecode.swift; path = Cloud4.swift; sourceTree = "<group>"; };
		049B1C52284CD2D7000EAEC0 /* CloudGroup1.swift */ = {isa = PBXFileReference; lastKnownFileType = sourcecode.swift; path = CloudGroup1.swift; sourceTree = "<group>"; };
		049B1C54284CD533000EAEC0 /* CloudGroup2.swift */ = {isa = PBXFileReference; lastKnownFileType = sourcecode.swift; path = CloudGroup2.swift; sourceTree = "<group>"; };
		049B1C57284CD949000EAEC0 /* CloudMergeView.swift */ = {isa = PBXFileReference; lastKnownFileType = sourcecode.swift; path = CloudMergeView.swift; sourceTree = "<group>"; };
		049B1C59284CDCE7000EAEC0 /* Wave.swift */ = {isa = PBXFileReference; lastKnownFileType = sourcecode.swift; path = Wave.swift; sourceTree = "<group>"; };
		049B1C5C284CE89F000EAEC0 /* WaveClon.swift */ = {isa = PBXFileReference; lastKnownFileType = sourcecode.swift; path = WaveClon.swift; sourceTree = "<group>"; };
		049B1C5E284CEACE000EAEC0 /* WaveGroup.swift */ = {isa = PBXFileReference; lastKnownFileType = sourcecode.swift; path = WaveGroup.swift; sourceTree = "<group>"; };
		04F31484284A374900FE57FC /* Surfing.app */ = {isa = PBXFileReference; explicitFileType = wrapper.application; includeInIndex = 0; path = Surfing.app; sourceTree = BUILT_PRODUCTS_DIR; };
		04F31487284A374900FE57FC /* SurfingApp.swift */ = {isa = PBXFileReference; lastKnownFileType = sourcecode.swift; path = SurfingApp.swift; sourceTree = "<group>"; };
		04F31489284A374900FE57FC /* ContentView.swift */ = {isa = PBXFileReference; lastKnownFileType = sourcecode.swift; path = ContentView.swift; sourceTree = "<group>"; };
		04F3148B284A374B00FE57FC /* Assets.xcassets */ = {isa = PBXFileReference; lastKnownFileType = folder.assetcatalog; path = Assets.xcassets; sourceTree = "<group>"; };
		04F3148E284A374B00FE57FC /* Preview Assets.xcassets */ = {isa = PBXFileReference; lastKnownFileType = folder.assetcatalog; path = "Preview Assets.xcassets"; sourceTree = "<group>"; };
		04F31495284A42BC00FE57FC /* SunView.swift */ = {isa = PBXFileReference; lastKnownFileType = sourcecode.swift; path = SunView.swift; sourceTree = "<group>"; };
		04F31497284A673800FE57FC /* Palm.swift */ = {isa = PBXFileReference; lastKnownFileType = sourcecode.swift; path = Palm.swift; sourceTree = "<group>"; };
		04F31499284AAA0300FE57FC /* Palm1.swift */ = {isa = PBXFileReference; lastKnownFileType = sourcecode.swift; path = Palm1.swift; sourceTree = "<group>"; };
		04F3149B284ABA3B00FE57FC /* BranchView.swift */ = {isa = PBXFileReference; lastKnownFileType = sourcecode.swift; path = BranchView.swift; sourceTree = "<group>"; };
		04F3149E284B487100FE57FC /* MainViewPalm.swift */ = {isa = PBXFileReference; lastKnownFileType = sourcecode.swift; path = MainViewPalm.swift; sourceTree = "<group>"; };
		04F314A3284B4D1F00FE57FC /* Board.swift */ = {isa = PBXFileReference; lastKnownFileType = sourcecode.swift; path = Board.swift; sourceTree = "<group>"; };
		04F314A8284B988500FE57FC /* Leg.swift */ = {isa = PBXFileReference; lastKnownFileType = sourcecode.swift; path = Leg.swift; sourceTree = "<group>"; };
		04F314AA284BBEB100FE57FC /* MainViewPerson.swift */ = {isa = PBXFileReference; lastKnownFileType = sourcecode.swift; path = MainViewPerson.swift; sourceTree = "<group>"; };
		04F314AC284BC09B00FE57FC /* LegLeft.swift */ = {isa = PBXFileReference; lastKnownFileType = sourcecode.swift; path = LegLeft.swift; sourceTree = "<group>"; };
		04F314AE284BC62C00FE57FC /* Head.swift */ = {isa = PBXFileReference; lastKnownFileType = sourcecode.swift; path = Head.swift; sourceTree = "<group>"; };
		04F314B0284BF40200FE57FC /* ArmRight.swift */ = {isa = PBXFileReference; lastKnownFileType = sourcecode.swift; path = ArmRight.swift; sourceTree = "<group>"; };
/* End PBXFileReference section */

/* Begin PBXFrameworksBuildPhase section */
		04F31481284A374900FE57FC /* Frameworks */ = {
			isa = PBXFrameworksBuildPhase;
			buildActionMask = 2147483647;
			files = (
			);
			runOnlyForDeploymentPostprocessing = 0;
		};
/* End PBXFrameworksBuildPhase section */

/* Begin PBXGroup section */
		049B1C4B284CC921000EAEC0 /* Clouds */ = {
			isa = PBXGroup;
			children = (
				049B1C57284CD949000EAEC0 /* CloudMergeView.swift */,
				049B1C52284CD2D7000EAEC0 /* CloudGroup1.swift */,
				049B1C54284CD533000EAEC0 /* CloudGroup2.swift */,
				049B1C49284CC910000EAEC0 /* Cloud.swift */,
				049B1C4C284CCB42000EAEC0 /* Cloud2.swift */,
				049B1C4E284CCCFF000EAEC0 /* Cloud3.swift */,
				049B1C50284CD19A000EAEC0 /* Cloud4.swift */,
			);
			path = Clouds;
			sourceTree = "<group>";
		};
		049B1C5B284CDD01000EAEC0 /* Waves */ = {
			isa = PBXGroup;
			children = (
				049B1C5E284CEACE000EAEC0 /* WaveGroup.swift */,
				049B1C59284CDCE7000EAEC0 /* Wave.swift */,
				049B1C5C284CE89F000EAEC0 /* WaveClon.swift */,
			);
			path = Waves;
			sourceTree = "<group>";
		};
		04F3147B284A374800FE57FC = {
			isa = PBXGroup;
			children = (
				04F31486284A374900FE57FC /* Surfing */,
				04F31485284A374900FE57FC /* Products */,
			);
			sourceTree = "<group>";
		};
		04F31485284A374900FE57FC /* Products */ = {
			isa = PBXGroup;
			children = (
				04F31484284A374900FE57FC /* Surfing.app */,
			);
			name = Products;
			sourceTree = "<group>";
		};
		04F31486284A374900FE57FC /* Surfing */ = {
			isa = PBXGroup;
			children = (
				04F31487284A374900FE57FC /* SurfingApp.swift */,
				04F31489284A374900FE57FC /* ContentView.swift */,
				04F314A5284B78DB00FE57FC /* Person */,
				049B1C5B284CDD01000EAEC0 /* Waves */,
				04F314A0284B4C5700FE57FC /* ElementSun */,
				04F314A1284B4CE500FE57FC /* Board */,
				04F3149D284B480200FE57FC /* ElementPalm */,
				049B1C4B284CC921000EAEC0 /* Clouds */,
				04F3148B284A374B00FE57FC /* Assets.xcassets */,
				04F3148D284A374B00FE57FC /* Preview Content */,
			);
			path = Surfing;
			sourceTree = "<group>";
		};
		04F3148D284A374B00FE57FC /* Preview Content */ = {
			isa = PBXGroup;
			children = (
				04F3148E284A374B00FE57FC /* Preview Assets.xcassets */,
			);
			path = "Preview Content";
			sourceTree = "<group>";
		};
		04F3149D284B480200FE57FC /* ElementPalm */ = {
			isa = PBXGroup;
			children = (
				049B1C47284CBE79000EAEC0 /* WithEctraBranch.swift */,
				04F3149E284B487100FE57FC /* MainViewPalm.swift */,
				04F31497284A673800FE57FC /* Palm.swift */,
				04F31499284AAA0300FE57FC /* Palm1.swift */,
				04F3149B284ABA3B00FE57FC /* BranchView.swift */,
				049B1C45284CBB15000EAEC0 /* DoubleBranch.swift */,
			);
			path = ElementPalm;
			sourceTree = "<group>";
		};
		04F314A0284B4C5700FE57FC /* ElementSun */ = {
			isa = PBXGroup;
			children = (
				04F31495284A42BC00FE57FC /* SunView.swift */,
			);
			path = ElementSun;
			sourceTree = "<group>";
		};
		04F314A1284B4CE500FE57FC /* Board */ = {
			isa = PBXGroup;
			children = (
				04F314A3284B4D1F00FE57FC /* Board.swift */,
			);
			path = Board;
			sourceTree = "<group>";
		};
		04F314A5284B78DB00FE57FC /* Person */ = {
			isa = PBXGroup;
			children = (
				049B1C43284CB904000EAEC0 /* PersonWithBoard.swift */,
				04F314AA284BBEB100FE57FC /* MainViewPerson.swift */,
				04F314AE284BC62C00FE57FC /* Head.swift */,
				04F314A8284B988500FE57FC /* Leg.swift */,
				04F314AC284BC09B00FE57FC /* LegLeft.swift */,
				04F314B0284BF40200FE57FC /* ArmRight.swift */,
				049B1C41284CA0BA000EAEC0 /* ArmLeft.swift */,
			);
			path = Person;
			sourceTree = "<group>";
		};
/* End PBXGroup section */

/* Begin PBXNativeTarget section */
		04F31483284A374900FE57FC /* Surfing */ = {
			isa = PBXNativeTarget;
			buildConfigurationList = 04F31492284A374B00FE57FC /* Build configuration list for PBXNativeTarget "Surfing" */;
			buildPhases = (
				04F31480284A374900FE57FC /* Sources */,
				04F31481284A374900FE57FC /* Frameworks */,
				04F31482284A374900FE57FC /* Resources */,
			);
			buildRules = (
			);
			dependencies = (
			);
			name = Surfing;
			productName = Surfing;
			productReference = 04F31484284A374900FE57FC /* Surfing.app */;
			productType = "com.apple.product-type.application";
		};
/* End PBXNativeTarget section */

/* Begin PBXProject section */
		04F3147C284A374800FE57FC /* Project object */ = {
			isa = PBXProject;
			attributes = {
				BuildIndependentTargetsInParallel = 1;
				LastSwiftUpdateCheck = 1340;
				LastUpgradeCheck = 1340;
				TargetAttributes = {
					04F31483284A374900FE57FC = {
						CreatedOnToolsVersion = 13.4;
					};
				};
			};
			buildConfigurationList = 04F3147F284A374800FE57FC /* Build configuration list for PBXProject "Surfing" */;
			compatibilityVersion = "Xcode 13.0";
			developmentRegion = en;
			hasScannedForEncodings = 0;
			knownRegions = (
				en,
				Base,
			);
			mainGroup = 04F3147B284A374800FE57FC;
			productRefGroup = 04F31485284A374900FE57FC /* Products */;
			projectDirPath = "";
			projectRoot = "";
			targets = (
				04F31483284A374900FE57FC /* Surfing */,
			);
		};
/* End PBXProject section */

/* Begin PBXResourcesBuildPhase section */
		04F31482284A374900FE57FC /* Resources */ = {
			isa = PBXResourcesBuildPhase;
			buildActionMask = 2147483647;
			files = (
				04F3148F284A374B00FE57FC /* Preview Assets.xcassets in Resources */,
				04F3148C284A374B00FE57FC /* Assets.xcassets in Resources */,
			);
			runOnlyForDeploymentPostprocessing = 0;
		};
/* End PBXResourcesBuildPhase section */

/* Begin PBXSourcesBuildPhase section */
		04F31480284A374900FE57FC /* Sources */ = {
			isa = PBXSourcesBuildPhase;
			buildActionMask = 2147483647;
			files = (
				04F3149C284ABA3B00FE57FC /* BranchView.swift in Sources */,
				049B1C4A284CC910000EAEC0 /* Cloud.swift in Sources */,
				049B1C53284CD2D7000EAEC0 /* CloudGroup1.swift in Sources */,
				049B1C42284CA0BA000EAEC0 /* ArmLeft.swift in Sources */,
				049B1C51284CD19A000EAEC0 /* Cloud4.swift in Sources */,
				04F314AB284BBEB100FE57FC /* MainViewPerson.swift in Sources */,
				04F314B1284BF40200FE57FC /* ArmRight.swift in Sources */,
				04F3148A284A374900FE57FC /* ContentView.swift in Sources */,
				049B1C5A284CDCE7000EAEC0 /* Wave.swift in Sources */,
				049B1C44284CB904000EAEC0 /* PersonWithBoard.swift in Sources */,
				049B1C46284CBB15000EAEC0 /* DoubleBranch.swift in Sources */,
				04F31496284A42BC00FE57FC /* SunView.swift in Sources */,
				049B1C4F284CCCFF000EAEC0 /* Cloud3.swift in Sources */,
				04F314AF284BC62C00FE57FC /* Head.swift in Sources */,
				049B1C4D284CCB42000EAEC0 /* Cloud2.swift in Sources */,
				04F3149A284AAA0300FE57FC /* Palm1.swift in Sources */,
				04F3149F284B487100FE57FC /* MainViewPalm.swift in Sources */,
				04F31488284A374900FE57FC /* SurfingApp.swift in Sources */,
				049B1C5D284CE89F000EAEC0 /* WaveClon.swift in Sources */,
				049B1C58284CD949000EAEC0 /* CloudMergeView.swift in Sources */,
				049B1C55284CD533000EAEC0 /* CloudGroup2.swift in Sources */,
				04F314A4284B4D1F00FE57FC /* Board.swift in Sources */,
				049B1C5F284CEACE000EAEC0 /* WaveGroup.swift in Sources */,
				04F314A9284B988500FE57FC /* Leg.swift in Sources */,
				04F31498284A673800FE57FC /* Palm.swift in Sources */,
				049B1C48284CBE79000EAEC0 /* WithEctraBranch.swift in Sources */,
				04F314AD284BC09B00FE57FC /* LegLeft.swift in Sources */,
			);
			runOnlyForDeploymentPostprocessing = 0;
		};
/* End PBXSourcesBuildPhase section */

/* Begin XCBuildConfiguration section */
		04F31490284A374B00FE57FC /* Debug */ = {
			isa = XCBuildConfiguration;
			buildSettings = {
				ALWAYS_SEARCH_USER_PATHS = NO;
				CLANG_ANALYZER_NONNULL = YES;
				CLANG_ANALYZER_NUMBER_OBJECT_CONVERSION = YES_AGGRESSIVE;
				CLANG_CXX_LANGUAGE_STANDARD = "gnu++17";
				CLANG_ENABLE_MODULES = YES;
				CLANG_ENABLE_OBJC_ARC = YES;
				CLANG_ENABLE_OBJC_WEAK = YES;
				CLANG_WARN_BLOCK_CAPTURE_AUTORELEASING = YES;
				CLANG_WARN_BOOL_CONVERSION = YES;
				CLANG_WARN_COMMA = YES;
				CLANG_WARN_CONSTANT_CONVERSION = YES;
				CLANG_WARN_DEPRECATED_OBJC_IMPLEMENTATIONS = YES;
				CLANG_WARN_DIRECT_OBJC_ISA_USAGE = YES_ERROR;
				CLANG_WARN_DOCUMENTATION_COMMENTS = YES;
				CLANG_WARN_EMPTY_BODY = YES;
				CLANG_WARN_ENUM_CONVERSION = YES;
				CLANG_WARN_INFINITE_RECURSION = YES;
				CLANG_WARN_INT_CONVERSION = YES;
				CLANG_WARN_NON_LITERAL_NULL_CONVERSION = YES;
				CLANG_WARN_OBJC_IMPLICIT_RETAIN_SELF = YES;
				CLANG_WARN_OBJC_LITERAL_CONVERSION = YES;
				CLANG_WARN_OBJC_ROOT_CLASS = YES_ERROR;
				CLANG_WARN_QUOTED_INCLUDE_IN_FRAMEWORK_HEADER = YES;
				CLANG_WARN_RANGE_LOOP_ANALYSIS = YES;
				CLANG_WARN_STRICT_PROTOTYPES = YES;
				CLANG_WARN_SUSPICIOUS_MOVE = YES;
				CLANG_WARN_UNGUARDED_AVAILABILITY = YES_AGGRESSIVE;
				CLANG_WARN_UNREACHABLE_CODE = YES;
				CLANG_WARN__DUPLICATE_METHOD_MATCH = YES;
				COPY_PHASE_STRIP = NO;
				DEBUG_INFORMATION_FORMAT = dwarf;
				ENABLE_STRICT_OBJC_MSGSEND = YES;
				ENABLE_TESTABILITY = YES;
				GCC_C_LANGUAGE_STANDARD = gnu11;
				GCC_DYNAMIC_NO_PIC = NO;
				GCC_NO_COMMON_BLOCKS = YES;
				GCC_OPTIMIZATION_LEVEL = 0;
				GCC_PREPROCESSOR_DEFINITIONS = (
					"DEBUG=1",
					"$(inherited)",
				);
				GCC_WARN_64_TO_32_BIT_CONVERSION = YES;
				GCC_WARN_ABOUT_RETURN_TYPE = YES_ERROR;
				GCC_WARN_UNDECLARED_SELECTOR = YES;
				GCC_WARN_UNINITIALIZED_AUTOS = YES_AGGRESSIVE;
				GCC_WARN_UNUSED_FUNCTION = YES;
				GCC_WARN_UNUSED_VARIABLE = YES;
				IPHONEOS_DEPLOYMENT_TARGET = 15.5;
				MTL_ENABLE_DEBUG_INFO = INCLUDE_SOURCE;
				MTL_FAST_MATH = YES;
				ONLY_ACTIVE_ARCH = YES;
				SDKROOT = iphoneos;
				SWIFT_ACTIVE_COMPILATION_CONDITIONS = DEBUG;
				SWIFT_OPTIMIZATION_LEVEL = "-Onone";
			};
			name = Debug;
		};
		04F31491284A374B00FE57FC /* Release */ = {
			isa = XCBuildConfiguration;
			buildSettings = {
				ALWAYS_SEARCH_USER_PATHS = NO;
				CLANG_ANALYZER_NONNULL = YES;
				CLANG_ANALYZER_NUMBER_OBJECT_CONVERSION = YES_AGGRESSIVE;
				CLANG_CXX_LANGUAGE_STANDARD = "gnu++17";
				CLANG_ENABLE_MODULES = YES;
				CLANG_ENABLE_OBJC_ARC = YES;
				CLANG_ENABLE_OBJC_WEAK = YES;
				CLANG_WARN_BLOCK_CAPTURE_AUTORELEASING = YES;
				CLANG_WARN_BOOL_CONVERSION = YES;
				CLANG_WARN_COMMA = YES;
				CLANG_WARN_CONSTANT_CONVERSION = YES;
				CLANG_WARN_DEPRECATED_OBJC_IMPLEMENTATIONS = YES;
				CLANG_WARN_DIRECT_OBJC_ISA_USAGE = YES_ERROR;
				CLANG_WARN_DOCUMENTATION_COMMENTS = YES;
				CLANG_WARN_EMPTY_BODY = YES;
				CLANG_WARN_ENUM_CONVERSION = YES;
				CLANG_WARN_INFINITE_RECURSION = YES;
				CLANG_WARN_INT_CONVERSION = YES;
				CLANG_WARN_NON_LITERAL_NULL_CONVERSION = YES;
				CLANG_WARN_OBJC_IMPLICIT_RETAIN_SELF = YES;
				CLANG_WARN_OBJC_LITERAL_CONVERSION = YES;
				CLANG_WARN_OBJC_ROOT_CLASS = YES_ERROR;
				CLANG_WARN_QUOTED_INCLUDE_IN_FRAMEWORK_HEADER = YES;
				CLANG_WARN_RANGE_LOOP_ANALYSIS = YES;
				CLANG_WARN_STRICT_PROTOTYPES = YES;
				CLANG_WARN_SUSPICIOUS_MOVE = YES;
				CLANG_WARN_UNGUARDED_AVAILABILITY = YES_AGGRESSIVE;
				CLANG_WARN_UNREACHABLE_CODE = YES;
				CLANG_WARN__DUPLICATE_METHOD_MATCH = YES;
				COPY_PHASE_STRIP = NO;
				DEBUG_INFORMATION_FORMAT = "dwarf-with-dsym";
				ENABLE_NS_ASSERTIONS = NO;
				ENABLE_STRICT_OBJC_MSGSEND = YES;
				GCC_C_LANGUAGE_STANDARD = gnu11;
				GCC_NO_COMMON_BLOCKS = YES;
				GCC_WARN_64_TO_32_BIT_CONVERSION = YES;
				GCC_WARN_ABOUT_RETURN_TYPE = YES_ERROR;
				GCC_WARN_UNDECLARED_SELECTOR = YES;
				GCC_WARN_UNINITIALIZED_AUTOS = YES_AGGRESSIVE;
				GCC_WARN_UNUSED_FUNCTION = YES;
				GCC_WARN_UNUSED_VARIABLE = YES;
				IPHONEOS_DEPLOYMENT_TARGET = 15.5;
				MTL_ENABLE_DEBUG_INFO = NO;
				MTL_FAST_MATH = YES;
				SDKROOT = iphoneos;
				SWIFT_COMPILATION_MODE = wholemodule;
				SWIFT_OPTIMIZATION_LEVEL = "-O";
				VALIDATE_PRODUCT = YES;
			};
			name = Release;
		};
		04F31493284A374B00FE57FC /* Debug */ = {
			isa = XCBuildConfiguration;
			buildSettings = {
				ASSETCATALOG_COMPILER_APPICON_NAME = AppIcon;
				ASSETCATALOG_COMPILER_GLOBAL_ACCENT_COLOR_NAME = AccentColor;
				CODE_SIGN_STYLE = Automatic;
				CURRENT_PROJECT_VERSION = 1;
				DEVELOPMENT_ASSET_PATHS = "\"Surfing/Preview Content\"";
				DEVELOPMENT_TEAM = WZJ6JFW8X2;
				ENABLE_PREVIEWS = YES;
				GENERATE_INFOPLIST_FILE = YES;
				INFOPLIST_KEY_UIApplicationSceneManifest_Generation = YES;
				INFOPLIST_KEY_UIApplicationSupportsIndirectInputEvents = YES;
				INFOPLIST_KEY_UILaunchScreen_Generation = YES;
				INFOPLIST_KEY_UISupportedInterfaceOrientations_iPad = "UIInterfaceOrientationPortrait UIInterfaceOrientationPortraitUpsideDown UIInterfaceOrientationLandscapeLeft UIInterfaceOrientationLandscapeRight";
				INFOPLIST_KEY_UISupportedInterfaceOrientations_iPhone = "UIInterfaceOrientationPortrait UIInterfaceOrientationLandscapeLeft UIInterfaceOrientationLandscapeRight";
				LD_RUNPATH_SEARCH_PATHS = (
					"$(inherited)",
					"@executable_path/Frameworks",
				);
				MARKETING_VERSION = 1.0;
				PRODUCT_BUNDLE_IDENTIFIER = Glushchenko.Sergei.Surfing;
				PRODUCT_NAME = "$(TARGET_NAME)";
				SWIFT_EMIT_LOC_STRINGS = YES;
				SWIFT_VERSION = 5.0;
				TARGETED_DEVICE_FAMILY = "1,2";
			};
			name = Debug;
		};
		04F31494284A374B00FE57FC /* Release */ = {
			isa = XCBuildConfiguration;
			buildSettings = {
				ASSETCATALOG_COMPILER_APPICON_NAME = AppIcon;
				ASSETCATALOG_COMPILER_GLOBAL_ACCENT_COLOR_NAME = AccentColor;
				CODE_SIGN_STYLE = Automatic;
				CURRENT_PROJECT_VERSION = 1;
				DEVELOPMENT_ASSET_PATHS = "\"Surfing/Preview Content\"";
				DEVELOPMENT_TEAM = WZJ6JFW8X2;
				ENABLE_PREVIEWS = YES;
				GENERATE_INFOPLIST_FILE = YES;
				INFOPLIST_KEY_UIApplicationSceneManifest_Generation = YES;
				INFOPLIST_KEY_UIApplicationSupportsIndirectInputEvents = YES;
				INFOPLIST_KEY_UILaunchScreen_Generation = YES;
				INFOPLIST_KEY_UISupportedInterfaceOrientations_iPad = "UIInterfaceOrientationPortrait UIInterfaceOrientationPortraitUpsideDown UIInterfaceOrientationLandscapeLeft UIInterfaceOrientationLandscapeRight";
				INFOPLIST_KEY_UISupportedInterfaceOrientations_iPhone = "UIInterfaceOrientationPortrait UIInterfaceOrientationLandscapeLeft UIInterfaceOrientationLandscapeRight";
				LD_RUNPATH_SEARCH_PATHS = (
					"$(inherited)",
					"@executable_path/Frameworks",
				);
				MARKETING_VERSION = 1.0;
				PRODUCT_BUNDLE_IDENTIFIER = Glushchenko.Sergei.Surfing;
				PRODUCT_NAME = "$(TARGET_NAME)";
				SWIFT_EMIT_LOC_STRINGS = YES;
				SWIFT_VERSION = 5.0;
				TARGETED_DEVICE_FAMILY = "1,2";
			};
			name = Release;
		};
/* End XCBuildConfiguration section */

/* Begin XCConfigurationList section */
		04F3147F284A374800FE57FC /* Build configuration list for PBXProject "Surfing" */ = {
			isa = XCConfigurationList;
			buildConfigurations = (
				04F31490284A374B00FE57FC /* Debug */,
				04F31491284A374B00FE57FC /* Release */,
			);
			defaultConfigurationIsVisible = 0;
			defaultConfigurationName = Release;
		};
		04F31492284A374B00FE57FC /* Build configuration list for PBXNativeTarget "Surfing" */ = {
			isa = XCConfigurationList;
			buildConfigurations = (
				04F31493284A374B00FE57FC /* Debug */,
				04F31494284A374B00FE57FC /* Release */,
			);
			defaultConfigurationIsVisible = 0;
			defaultConfigurationName = Release;
		};
/* End XCConfigurationList section */
	};
	rootObject = 04F3147C284A374800FE57FC /* Project object */;
}
